
Microsoft Visual Studio Solution File, Format Version 12.00
# Visual Studio Version 16
VisualStudioVersion = 16.0.31321.278
MinimumVisualStudioVersion = 10.0.40219.1
Project("{9A19103F-16F7-4668-BE54-9A1E7A4F7556}") = "Day1", "Day1\Day1.csproj", "{A819B868-D54B-49DB-9C5B-D44629438CE3}"
EndProject
Project("{9A19103F-16F7-4668-BE54-9A1E7A4F7556}") = "Puzzle", "PuzzleSolver\Puzzle.csproj", "{52CB3577-B711-409E-B73A-F0A94BC0760B}"
EndProject
Global
	GlobalSection(SolutionConfigurationPlatforms) = preSolution
		Debug|Any CPU = Debug|Any CPU
		Release|Any CPU = Release|Any CPU
	EndGlobalSection
	GlobalSection(ProjectConfigurationPlatforms) = postSolution
		{A819B868-D54B-49DB-9C5B-D44629438CE3}.Debug|Any CPU.ActiveCfg = Debug|Any CPU
		{A819B868-D54B-49DB-9C5B-D44629438CE3}.Debug|Any CPU.Build.0 = Debug|Any CPU
		{A819B868-D54B-49DB-9C5B-D44629438CE3}.Release|Any CPU.ActiveCfg = Release|Any CPU
		{A819B868-D54B-49DB-9C5B-D44629438CE3}.Release|Any CPU.Build.0 = Release|Any CPU
		{52CB3577-B711-409E-B73A-F0A94BC0760B}.Debug|Any CPU.ActiveCfg = Debug|Any CPU
		{52CB3577-B711-409E-B73A-F0A94BC0760B}.Debug|Any CPU.Build.0 = Debug|Any CPU
		{52CB3577-B711-409E-B73A-F0A94BC0760B}.Release|Any CPU.ActiveCfg = Release|Any CPU
		{52CB3577-B711-409E-B73A-F0A94BC0760B}.Release|Any CPU.Build.0 = Release|Any CPU
	EndGlobalSection
	GlobalSection(SolutionProperties) = preSolution
		HideSolutionNode = FALSE
	EndGlobalSection
	GlobalSection(ExtensibilityGlobals) = postSolution
		SolutionGuid = {320C7B75-676D-43CB-9550-D4FD49D26E72}
	EndGlobalSection
EndGlobal
